// !$*UTF8*$!
{
	archiveVersion = 1;
	classes = {
	};
	objectVersion = 46;
	objects = {

/* Begin PBXBuildFile section */
		56C4047A8D3527CEF812721F /* Pods_Mocky_Example.framework in Frameworks */ = {isa = PBXBuildFile; fileRef = 1E53C5790EE801A87BDC63B3 /* Pods_Mocky_Example.framework */; };
		607FACD61AFB9204008FA782 /* AppDelegate.swift in Sources */ = {isa = PBXBuildFile; fileRef = 607FACD51AFB9204008FA782 /* AppDelegate.swift */; };
		607FACD81AFB9204008FA782 /* ViewController.swift in Sources */ = {isa = PBXBuildFile; fileRef = 607FACD71AFB9204008FA782 /* ViewController.swift */; };
		607FACDB1AFB9204008FA782 /* Main.storyboard in Resources */ = {isa = PBXBuildFile; fileRef = 607FACD91AFB9204008FA782 /* Main.storyboard */; };
		607FACDD1AFB9204008FA782 /* Images.xcassets in Resources */ = {isa = PBXBuildFile; fileRef = 607FACDC1AFB9204008FA782 /* Images.xcassets */; };
		607FACE01AFB9204008FA782 /* LaunchScreen.xib in Resources */ = {isa = PBXBuildFile; fileRef = 607FACDE1AFB9204008FA782 /* LaunchScreen.xib */; };
		6EC400C8EB1B2481BA1DBE68 /* Pods_Mocky_Tests.framework in Frameworks */ = {isa = PBXBuildFile; fileRef = F8D4517B8929314707F09BFB /* Pods_Mocky_Tests.framework */; };
		CC0B1D8A1F785623006CB46D /* SampleService.swift in Sources */ = {isa = PBXBuildFile; fileRef = CC0B1D891F785623006CB46D /* SampleService.swift */; };
		CC0B1D8D1F785753006CB46D /* SampleServiceMock.swift in Sources */ = {isa = PBXBuildFile; fileRef = CC0B1D8B1F7856B2006CB46D /* SampleServiceMock.swift */; };
		CC0B1D901F786851006CB46D /* SampleServiceTests.swift in Sources */ = {isa = PBXBuildFile; fileRef = CC0B1D8E1F7867EE006CB46D /* SampleServiceTests.swift */; };
		E46714811ECF112000C7DAB3 /* ItemsViewModel.swift in Sources */ = {isa = PBXBuildFile; fileRef = E46714801ECF112000C7DAB3 /* ItemsViewModel.swift */; };
		E46714831ECF116D00C7DAB3 /* ItemsModel.swift in Sources */ = {isa = PBXBuildFile; fileRef = E46714821ECF116D00C7DAB3 /* ItemsModel.swift */; };
		E46714851ECF11D100C7DAB3 /* Item.swift in Sources */ = {isa = PBXBuildFile; fileRef = E46714841ECF11D100C7DAB3 /* Item.swift */; };
		E46714871ECF13DE00C7DAB3 /* ItemsClient.swift in Sources */ = {isa = PBXBuildFile; fileRef = E46714861ECF13DE00C7DAB3 /* ItemsClient.swift */; };
		E46714891ECF140C00C7DAB3 /* ItemsRepository.swift in Sources */ = {isa = PBXBuildFile; fileRef = E46714881ECF140C00C7DAB3 /* ItemsRepository.swift */; };
		E46714911ECF1A8600C7DAB3 /* ItemsModelMock.swift in Sources */ = {isa = PBXBuildFile; fileRef = E467148B1ECF173700C7DAB3 /* ItemsModelMock.swift */; };
		E46714921ECF1A8600C7DAB3 /* ItemsClientMock.swift in Sources */ = {isa = PBXBuildFile; fileRef = E467148D1ECF174500C7DAB3 /* ItemsClientMock.swift */; };
		E46714931ECF1A8600C7DAB3 /* ItemsRepositoryMock.swift in Sources */ = {isa = PBXBuildFile; fileRef = E467148F1ECF175300C7DAB3 /* ItemsRepositoryMock.swift */; };
		E46714951ECF21A600C7DAB3 /* AutoEquatable.swift in Sources */ = {isa = PBXBuildFile; fileRef = E46714941ECF21A600C7DAB3 /* AutoEquatable.swift */; };
		E46714971ECF222B00C7DAB3 /* AutoEquatable.generated.swift in Sources */ = {isa = PBXBuildFile; fileRef = E46714961ECF222B00C7DAB3 /* AutoEquatable.generated.swift */; };
		E46714A21ED0244900C7DAB3 /* ItemsClientTests.swift in Sources */ = {isa = PBXBuildFile; fileRef = E46714A11ED0244900C7DAB3 /* ItemsClientTests.swift */; };
		E46714A41ED0245900C7DAB3 /* ItemsRepositoryTests.swift in Sources */ = {isa = PBXBuildFile; fileRef = E46714A31ED0245900C7DAB3 /* ItemsRepositoryTests.swift */; };
		E46714A61ED025D400C7DAB3 /* ItemsViewModelTests.swift in Sources */ = {isa = PBXBuildFile; fileRef = E46714A51ED025D400C7DAB3 /* ItemsViewModelTests.swift */; };
		E46714A81ED025E400C7DAB3 /* ItemsModelTests.swift in Sources */ = {isa = PBXBuildFile; fileRef = E46714A71ED025E400C7DAB3 /* ItemsModelTests.swift */; };
/* End PBXBuildFile section */

/* Begin PBXContainerItemProxy section */
		607FACE61AFB9204008FA782 /* PBXContainerItemProxy */ = {
			isa = PBXContainerItemProxy;
			containerPortal = 607FACC81AFB9204008FA782 /* Project object */;
			proxyType = 1;
			remoteGlobalIDString = 607FACCF1AFB9204008FA782;
			remoteInfo = Mocky;
		};
/* End PBXContainerItemProxy section */

/* Begin PBXFileReference section */
		1E53C5790EE801A87BDC63B3 /* Pods_Mocky_Example.framework */ = {isa = PBXFileReference; explicitFileType = wrapper.framework; includeInIndex = 0; path = Pods_Mocky_Example.framework; sourceTree = BUILT_PRODUCTS_DIR; };
		607FACD01AFB9204008FA782 /* Mocky_Example.app */ = {isa = PBXFileReference; explicitFileType = wrapper.application; includeInIndex = 0; path = Mocky_Example.app; sourceTree = BUILT_PRODUCTS_DIR; };
		607FACD41AFB9204008FA782 /* Info.plist */ = {isa = PBXFileReference; lastKnownFileType = text.plist.xml; path = Info.plist; sourceTree = "<group>"; };
		607FACD51AFB9204008FA782 /* AppDelegate.swift */ = {isa = PBXFileReference; lastKnownFileType = sourcecode.swift; path = AppDelegate.swift; sourceTree = "<group>"; };
		607FACD71AFB9204008FA782 /* ViewController.swift */ = {isa = PBXFileReference; lastKnownFileType = sourcecode.swift; path = ViewController.swift; sourceTree = "<group>"; };
		607FACDA1AFB9204008FA782 /* Base */ = {isa = PBXFileReference; lastKnownFileType = file.storyboard; name = Base; path = Base.lproj/Main.storyboard; sourceTree = "<group>"; };
		607FACDC1AFB9204008FA782 /* Images.xcassets */ = {isa = PBXFileReference; lastKnownFileType = folder.assetcatalog; path = Images.xcassets; sourceTree = "<group>"; };
		607FACDF1AFB9204008FA782 /* Base */ = {isa = PBXFileReference; lastKnownFileType = file.xib; name = Base; path = Base.lproj/LaunchScreen.xib; sourceTree = "<group>"; };
		607FACE51AFB9204008FA782 /* Mocky_Tests.xctest */ = {isa = PBXFileReference; explicitFileType = wrapper.cfbundle; includeInIndex = 0; path = Mocky_Tests.xctest; sourceTree = BUILT_PRODUCTS_DIR; };
		607FACEA1AFB9204008FA782 /* Info.plist */ = {isa = PBXFileReference; lastKnownFileType = text.plist.xml; path = Info.plist; sourceTree = "<group>"; };
		6E4649EB6145356AFB6C09DE /* Pods-Mocky_Example.debug.xcconfig */ = {isa = PBXFileReference; includeInIndex = 1; lastKnownFileType = text.xcconfig; name = "Pods-Mocky_Example.debug.xcconfig"; path = "Pods/Target Support Files/Pods-Mocky_Example/Pods-Mocky_Example.debug.xcconfig"; sourceTree = "<group>"; };
		889986BBBEA5703D41B84DF7 /* README.md */ = {isa = PBXFileReference; includeInIndex = 1; lastKnownFileType = net.daringfireball.markdown; name = README.md; path = ../README.md; sourceTree = "<group>"; };
		A3820FC13D5525AD5E403CE8 /* LICENSE */ = {isa = PBXFileReference; includeInIndex = 1; lastKnownFileType = text; name = LICENSE; path = ../LICENSE; sourceTree = "<group>"; };
		BAB8A0106A1FB60FE260C370 /* Pods-Mocky_Tests.debug.xcconfig */ = {isa = PBXFileReference; includeInIndex = 1; lastKnownFileType = text.xcconfig; name = "Pods-Mocky_Tests.debug.xcconfig"; path = "Pods/Target Support Files/Pods-Mocky_Tests/Pods-Mocky_Tests.debug.xcconfig"; sourceTree = "<group>"; };
		CC0B1D891F785623006CB46D /* SampleService.swift */ = {isa = PBXFileReference; fileEncoding = 4; lastKnownFileType = sourcecode.swift; path = SampleService.swift; sourceTree = "<group>"; };
		CC0B1D8B1F7856B2006CB46D /* SampleServiceMock.swift */ = {isa = PBXFileReference; fileEncoding = 4; lastKnownFileType = sourcecode.swift; path = SampleServiceMock.swift; sourceTree = "<group>"; };
		CC0B1D8E1F7867EE006CB46D /* SampleServiceTests.swift */ = {isa = PBXFileReference; fileEncoding = 4; lastKnownFileType = sourcecode.swift; path = SampleServiceTests.swift; sourceTree = "<group>"; };
		CDED9236080BEF85919D11C3 /* Mocky.podspec */ = {isa = PBXFileReference; includeInIndex = 1; lastKnownFileType = text; name = Mocky.podspec; path = ../Mocky.podspec; sourceTree = "<group>"; };
		D8A601F4B387200EB86F8F29 /* Pods-Mocky_Tests.release.xcconfig */ = {isa = PBXFileReference; includeInIndex = 1; lastKnownFileType = text.xcconfig; name = "Pods-Mocky_Tests.release.xcconfig"; path = "Pods/Target Support Files/Pods-Mocky_Tests/Pods-Mocky_Tests.release.xcconfig"; sourceTree = "<group>"; };
		E3DA37FF21553DC6F1A8218E /* Pods-Mocky_Example.release.xcconfig */ = {isa = PBXFileReference; includeInIndex = 1; lastKnownFileType = text.xcconfig; name = "Pods-Mocky_Example.release.xcconfig"; path = "Pods/Target Support Files/Pods-Mocky_Example/Pods-Mocky_Example.release.xcconfig"; sourceTree = "<group>"; };
		E467147D1ECEF4D600C7DAB3 /* XCTest.framework */ = {isa = PBXFileReference; lastKnownFileType = wrapper.framework; name = XCTest.framework; path = Platforms/iPhoneOS.platform/Developer/Library/Frameworks/XCTest.framework; sourceTree = DEVELOPER_DIR; };
		E46714801ECF112000C7DAB3 /* ItemsViewModel.swift */ = {isa = PBXFileReference; fileEncoding = 4; lastKnownFileType = sourcecode.swift; path = ItemsViewModel.swift; sourceTree = "<group>"; };
		E46714821ECF116D00C7DAB3 /* ItemsModel.swift */ = {isa = PBXFileReference; fileEncoding = 4; lastKnownFileType = sourcecode.swift; path = ItemsModel.swift; sourceTree = "<group>"; };
		E46714841ECF11D100C7DAB3 /* Item.swift */ = {isa = PBXFileReference; fileEncoding = 4; lastKnownFileType = sourcecode.swift; path = Item.swift; sourceTree = "<group>"; };
		E46714861ECF13DE00C7DAB3 /* ItemsClient.swift */ = {isa = PBXFileReference; fileEncoding = 4; lastKnownFileType = sourcecode.swift; path = ItemsClient.swift; sourceTree = "<group>"; };
		E46714881ECF140C00C7DAB3 /* ItemsRepository.swift */ = {isa = PBXFileReference; fileEncoding = 4; lastKnownFileType = sourcecode.swift; path = ItemsRepository.swift; sourceTree = "<group>"; };
		E467148B1ECF173700C7DAB3 /* ItemsModelMock.swift */ = {isa = PBXFileReference; fileEncoding = 4; lastKnownFileType = sourcecode.swift; path = ItemsModelMock.swift; sourceTree = "<group>"; };
		E467148D1ECF174500C7DAB3 /* ItemsClientMock.swift */ = {isa = PBXFileReference; fileEncoding = 4; lastKnownFileType = sourcecode.swift; path = ItemsClientMock.swift; sourceTree = "<group>"; };
		E467148F1ECF175300C7DAB3 /* ItemsRepositoryMock.swift */ = {isa = PBXFileReference; fileEncoding = 4; lastKnownFileType = sourcecode.swift; path = ItemsRepositoryMock.swift; sourceTree = "<group>"; };
		E46714941ECF21A600C7DAB3 /* AutoEquatable.swift */ = {isa = PBXFileReference; fileEncoding = 4; lastKnownFileType = sourcecode.swift; path = AutoEquatable.swift; sourceTree = "<group>"; };
		E46714961ECF222B00C7DAB3 /* AutoEquatable.generated.swift */ = {isa = PBXFileReference; fileEncoding = 4; lastKnownFileType = sourcecode.swift; name = AutoEquatable.generated.swift; path = ../../AutoEquatable.generated.swift; sourceTree = "<group>"; };
		E46714A11ED0244900C7DAB3 /* ItemsClientTests.swift */ = {isa = PBXFileReference; fileEncoding = 4; lastKnownFileType = sourcecode.swift; path = ItemsClientTests.swift; sourceTree = "<group>"; };
		E46714A31ED0245900C7DAB3 /* ItemsRepositoryTests.swift */ = {isa = PBXFileReference; fileEncoding = 4; lastKnownFileType = sourcecode.swift; path = ItemsRepositoryTests.swift; sourceTree = "<group>"; };
		E46714A51ED025D400C7DAB3 /* ItemsViewModelTests.swift */ = {isa = PBXFileReference; fileEncoding = 4; lastKnownFileType = sourcecode.swift; path = ItemsViewModelTests.swift; sourceTree = "<group>"; };
		E46714A71ED025E400C7DAB3 /* ItemsModelTests.swift */ = {isa = PBXFileReference; fileEncoding = 4; lastKnownFileType = sourcecode.swift; path = ItemsModelTests.swift; sourceTree = "<group>"; };
		F8D4517B8929314707F09BFB /* Pods_Mocky_Tests.framework */ = {isa = PBXFileReference; explicitFileType = wrapper.framework; includeInIndex = 0; path = Pods_Mocky_Tests.framework; sourceTree = BUILT_PRODUCTS_DIR; };
/* End PBXFileReference section */

/* Begin PBXFrameworksBuildPhase section */
		607FACCD1AFB9204008FA782 /* Frameworks */ = {
			isa = PBXFrameworksBuildPhase;
			buildActionMask = 2147483647;
			files = (
				56C4047A8D3527CEF812721F /* Pods_Mocky_Example.framework in Frameworks */,
			);
			runOnlyForDeploymentPostprocessing = 0;
		};
		607FACE21AFB9204008FA782 /* Frameworks */ = {
			isa = PBXFrameworksBuildPhase;
			buildActionMask = 2147483647;
			files = (
				6EC400C8EB1B2481BA1DBE68 /* Pods_Mocky_Tests.framework in Frameworks */,
			);
			runOnlyForDeploymentPostprocessing = 0;
		};
/* End PBXFrameworksBuildPhase section */

/* Begin PBXGroup section */
		607FACC71AFB9204008FA782 = {
			isa = PBXGroup;
			children = (
				607FACF51AFB993E008FA782 /* Podspec Metadata */,
				607FACD21AFB9204008FA782 /* Example for Mocky */,
				607FACE81AFB9204008FA782 /* Tests */,
				607FACD11AFB9204008FA782 /* Products */,
				CA7FAE3F98AF812B6B47BE12 /* Pods */,
				7FCC8434BB6BB8DECC81772A /* Frameworks */,
			);
			sourceTree = "<group>";
		};
		607FACD11AFB9204008FA782 /* Products */ = {
			isa = PBXGroup;
			children = (
				607FACD01AFB9204008FA782 /* Mocky_Example.app */,
				607FACE51AFB9204008FA782 /* Mocky_Tests.xctest */,
			);
			name = Products;
			sourceTree = "<group>";
		};
		607FACD21AFB9204008FA782 /* Example for Mocky */ = {
			isa = PBXGroup;
			children = (
				CC0C8C701F76AF1100032C5E /* Mocked */,
				CC0C8C711F76AF1800032C5E /* Other */,
				CC0C8C6F1F76AF0200032C5E /* Resources */,
				607FACD31AFB9204008FA782 /* Supporting Files */,
			);
			name = "Example for Mocky";
			path = Mocky;
			sourceTree = "<group>";
		};
		607FACD31AFB9204008FA782 /* Supporting Files */ = {
			isa = PBXGroup;
			children = (
				607FACD51AFB9204008FA782 /* AppDelegate.swift */,
				607FACD41AFB9204008FA782 /* Info.plist */,
			);
			name = "Supporting Files";
			sourceTree = "<group>";
		};
		607FACE81AFB9204008FA782 /* Tests */ = {
			isa = PBXGroup;
			children = (
				E467149E1ED021B200C7DAB3 /* XCTests */,
				E467148A1ECF172500C7DAB3 /* Mocks */,
				607FACE91AFB9204008FA782 /* Supporting Files */,
			);
			path = Tests;
			sourceTree = "<group>";
		};
		607FACE91AFB9204008FA782 /* Supporting Files */ = {
			isa = PBXGroup;
			children = (
				607FACEA1AFB9204008FA782 /* Info.plist */,
			);
			name = "Supporting Files";
			sourceTree = "<group>";
		};
		607FACF51AFB993E008FA782 /* Podspec Metadata */ = {
			isa = PBXGroup;
			children = (
				CDED9236080BEF85919D11C3 /* Mocky.podspec */,
				889986BBBEA5703D41B84DF7 /* README.md */,
				A3820FC13D5525AD5E403CE8 /* LICENSE */,
			);
			name = "Podspec Metadata";
			sourceTree = "<group>";
		};
		7FCC8434BB6BB8DECC81772A /* Frameworks */ = {
			isa = PBXGroup;
			children = (
				E467147D1ECEF4D600C7DAB3 /* XCTest.framework */,
				1E53C5790EE801A87BDC63B3 /* Pods_Mocky_Example.framework */,
				F8D4517B8929314707F09BFB /* Pods_Mocky_Tests.framework */,
			);
			name = Frameworks;
			sourceTree = "<group>";
		};
		CA7FAE3F98AF812B6B47BE12 /* Pods */ = {
			isa = PBXGroup;
			children = (
				6E4649EB6145356AFB6C09DE /* Pods-Mocky_Example.debug.xcconfig */,
				E3DA37FF21553DC6F1A8218E /* Pods-Mocky_Example.release.xcconfig */,
				BAB8A0106A1FB60FE260C370 /* Pods-Mocky_Tests.debug.xcconfig */,
				D8A601F4B387200EB86F8F29 /* Pods-Mocky_Tests.release.xcconfig */,
			);
			name = Pods;
			sourceTree = "<group>";
		};
		CC0C8C6F1F76AF0200032C5E /* Resources */ = {
			isa = PBXGroup;
			children = (
				607FACD91AFB9204008FA782 /* Main.storyboard */,
				607FACDC1AFB9204008FA782 /* Images.xcassets */,
				607FACDE1AFB9204008FA782 /* LaunchScreen.xib */,
			);
			name = Resources;
			sourceTree = "<group>";
		};
		CC0C8C701F76AF1100032C5E /* Mocked */ = {
			isa = PBXGroup;
			children = (
				CC0B1D891F785623006CB46D /* SampleService.swift */,
				E46714821ECF116D00C7DAB3 /* ItemsModel.swift */,
				E46714861ECF13DE00C7DAB3 /* ItemsClient.swift */,
				E46714881ECF140C00C7DAB3 /* ItemsRepository.swift */,
			);
			name = Mocked;
			sourceTree = "<group>";
		};
		CC0C8C711F76AF1800032C5E /* Other */ = {
			isa = PBXGroup;
			children = (
				E46714961ECF222B00C7DAB3 /* AutoEquatable.generated.swift */,
				E46714941ECF21A600C7DAB3 /* AutoEquatable.swift */,
				607FACD71AFB9204008FA782 /* ViewController.swift */,
				E46714801ECF112000C7DAB3 /* ItemsViewModel.swift */,
				E46714841ECF11D100C7DAB3 /* Item.swift */,
			);
			name = Other;
			sourceTree = "<group>";
		};
		E467148A1ECF172500C7DAB3 /* Mocks */ = {
			isa = PBXGroup;
			children = (
				CC0B1D8B1F7856B2006CB46D /* SampleServiceMock.swift */,
				E467148B1ECF173700C7DAB3 /* ItemsModelMock.swift */,
				E467148D1ECF174500C7DAB3 /* ItemsClientMock.swift */,
				E467148F1ECF175300C7DAB3 /* ItemsRepositoryMock.swift */,
			);
			path = Mocks;
			sourceTree = "<group>";
		};
		E467149E1ED021B200C7DAB3 /* XCTests */ = {
			isa = PBXGroup;
			children = (
				CC0B1D8E1F7867EE006CB46D /* SampleServiceTests.swift */,
				E46714A11ED0244900C7DAB3 /* ItemsClientTests.swift */,
				E46714A31ED0245900C7DAB3 /* ItemsRepositoryTests.swift */,
				E46714A51ED025D400C7DAB3 /* ItemsViewModelTests.swift */,
				E46714A71ED025E400C7DAB3 /* ItemsModelTests.swift */,
			);
			path = XCTests;
			sourceTree = "<group>";
		};
/* End PBXGroup section */

/* Begin PBXNativeTarget section */
		607FACCF1AFB9204008FA782 /* Mocky_Example */ = {
			isa = PBXNativeTarget;
			buildConfigurationList = 607FACEF1AFB9204008FA782 /* Build configuration list for PBXNativeTarget "Mocky_Example" */;
			buildPhases = (
				AAE83BDA46501F2750E95020 /* [CP] Check Pods Manifest.lock */,
				607FACCC1AFB9204008FA782 /* Sources */,
				607FACCD1AFB9204008FA782 /* Frameworks */,
				607FACCE1AFB9204008FA782 /* Resources */,
				2AD86F65862480DBDF9F9768 /* [CP] Embed Pods Frameworks */,
				547BA74EA24A6B03730CF853 /* [CP] Copy Pods Resources */,
			);
			buildRules = (
			);
			dependencies = (
			);
			name = Mocky_Example;
			productName = Mocky;
			productReference = 607FACD01AFB9204008FA782 /* Mocky_Example.app */;
			productType = "com.apple.product-type.application";
		};
		607FACE41AFB9204008FA782 /* Mocky_Tests */ = {
			isa = PBXNativeTarget;
			buildConfigurationList = 607FACF21AFB9204008FA782 /* Build configuration list for PBXNativeTarget "Mocky_Tests" */;
			buildPhases = (
				C997E46242F16576BEC7CA0C /* [CP] Check Pods Manifest.lock */,
				607FACE11AFB9204008FA782 /* Sources */,
				607FACE21AFB9204008FA782 /* Frameworks */,
				607FACE31AFB9204008FA782 /* Resources */,
				F4C13D570F6A61D7C253783E /* [CP] Embed Pods Frameworks */,
				1C7A9EBA4D3F25B4C792224B /* [CP] Copy Pods Resources */,
			);
			buildRules = (
			);
			dependencies = (
				607FACE71AFB9204008FA782 /* PBXTargetDependency */,
			);
			name = Mocky_Tests;
			productName = Tests;
			productReference = 607FACE51AFB9204008FA782 /* Mocky_Tests.xctest */;
			productType = "com.apple.product-type.bundle.unit-test";
		};
/* End PBXNativeTarget section */

/* Begin PBXProject section */
		607FACC81AFB9204008FA782 /* Project object */ = {
			isa = PBXProject;
			attributes = {
				LastSwiftUpdateCheck = 0720;
				LastUpgradeCheck = 0820;
				ORGANIZATIONNAME = CocoaPods;
				TargetAttributes = {
					607FACCF1AFB9204008FA782 = {
						CreatedOnToolsVersion = 6.3.1;
						DevelopmentTeam = R6JBLAQ685;
						LastSwiftMigration = 0820;
					};
					607FACE41AFB9204008FA782 = {
						CreatedOnToolsVersion = 6.3.1;
						DevelopmentTeam = LB8D9V889H;
						LastSwiftMigration = 0820;
						TestTargetID = 607FACCF1AFB9204008FA782;
					};
				};
			};
			buildConfigurationList = 607FACCB1AFB9204008FA782 /* Build configuration list for PBXProject "Mocky" */;
			compatibilityVersion = "Xcode 3.2";
			developmentRegion = English;
			hasScannedForEncodings = 0;
			knownRegions = (
				en,
				Base,
			);
			mainGroup = 607FACC71AFB9204008FA782;
			productRefGroup = 607FACD11AFB9204008FA782 /* Products */;
			projectDirPath = "";
			projectRoot = "";
			targets = (
				607FACCF1AFB9204008FA782 /* Mocky_Example */,
				607FACE41AFB9204008FA782 /* Mocky_Tests */,
			);
		};
/* End PBXProject section */

/* Begin PBXResourcesBuildPhase section */
		607FACCE1AFB9204008FA782 /* Resources */ = {
			isa = PBXResourcesBuildPhase;
			buildActionMask = 2147483647;
			files = (
				607FACDB1AFB9204008FA782 /* Main.storyboard in Resources */,
				607FACE01AFB9204008FA782 /* LaunchScreen.xib in Resources */,
				607FACDD1AFB9204008FA782 /* Images.xcassets in Resources */,
			);
			runOnlyForDeploymentPostprocessing = 0;
		};
		607FACE31AFB9204008FA782 /* Resources */ = {
			isa = PBXResourcesBuildPhase;
			buildActionMask = 2147483647;
			files = (
			);
			runOnlyForDeploymentPostprocessing = 0;
		};
/* End PBXResourcesBuildPhase section */

/* Begin PBXShellScriptBuildPhase section */
		1C7A9EBA4D3F25B4C792224B /* [CP] Copy Pods Resources */ = {
			isa = PBXShellScriptBuildPhase;
			buildActionMask = 2147483647;
			files = (
			);
			inputPaths = (
			);
			name = "[CP] Copy Pods Resources";
			outputPaths = (
			);
			runOnlyForDeploymentPostprocessing = 0;
			shellPath = /bin/sh;
			shellScript = "\"${SRCROOT}/Pods/Target Support Files/Pods-Mocky_Tests/Pods-Mocky_Tests-resources.sh\"\n";
			showEnvVarsInLog = 0;
		};
		2AD86F65862480DBDF9F9768 /* [CP] Embed Pods Frameworks */ = {
			isa = PBXShellScriptBuildPhase;
			buildActionMask = 2147483647;
			files = (
			);
			inputPaths = (
			);
			name = "[CP] Embed Pods Frameworks";
			outputPaths = (
			);
			runOnlyForDeploymentPostprocessing = 0;
			shellPath = /bin/sh;
			shellScript = "\"${SRCROOT}/Pods/Target Support Files/Pods-Mocky_Example/Pods-Mocky_Example-frameworks.sh\"\n";
			showEnvVarsInLog = 0;
		};
		547BA74EA24A6B03730CF853 /* [CP] Copy Pods Resources */ = {
			isa = PBXShellScriptBuildPhase;
			buildActionMask = 2147483647;
			files = (
			);
			inputPaths = (
			);
			name = "[CP] Copy Pods Resources";
			outputPaths = (
			);
			runOnlyForDeploymentPostprocessing = 0;
			shellPath = /bin/sh;
			shellScript = "\"${SRCROOT}/Pods/Target Support Files/Pods-Mocky_Example/Pods-Mocky_Example-resources.sh\"\n";
			showEnvVarsInLog = 0;
		};
		AAE83BDA46501F2750E95020 /* [CP] Check Pods Manifest.lock */ = {
			isa = PBXShellScriptBuildPhase;
			buildActionMask = 2147483647;
			files = (
			);
			inputPaths = (
			);
			name = "[CP] Check Pods Manifest.lock";
			outputPaths = (
			);
			runOnlyForDeploymentPostprocessing = 0;
			shellPath = /bin/sh;
			shellScript = "diff \"${PODS_PODFILE_DIR_PATH}/Podfile.lock\" \"${PODS_ROOT}/Manifest.lock\" > /dev/null\nif [ $? != 0 ] ; then\n    # print error to STDERR\n    echo \"error: The sandbox is not in sync with the Podfile.lock. Run 'pod install' or update your CocoaPods installation.\" >&2\n    exit 1\nfi\n";
			showEnvVarsInLog = 0;
		};
		C997E46242F16576BEC7CA0C /* [CP] Check Pods Manifest.lock */ = {
			isa = PBXShellScriptBuildPhase;
			buildActionMask = 2147483647;
			files = (
			);
			inputPaths = (
			);
			name = "[CP] Check Pods Manifest.lock";
			outputPaths = (
			);
			runOnlyForDeploymentPostprocessing = 0;
			shellPath = /bin/sh;
			shellScript = "diff \"${PODS_PODFILE_DIR_PATH}/Podfile.lock\" \"${PODS_ROOT}/Manifest.lock\" > /dev/null\nif [ $? != 0 ] ; then\n    # print error to STDERR\n    echo \"error: The sandbox is not in sync with the Podfile.lock. Run 'pod install' or update your CocoaPods installation.\" >&2\n    exit 1\nfi\n";
			showEnvVarsInLog = 0;
		};
		F4C13D570F6A61D7C253783E /* [CP] Embed Pods Frameworks */ = {
			isa = PBXShellScriptBuildPhase;
			buildActionMask = 2147483647;
			files = (
			);
			inputPaths = (
			);
			name = "[CP] Embed Pods Frameworks";
			outputPaths = (
			);
			runOnlyForDeploymentPostprocessing = 0;
			shellPath = /bin/sh;
			shellScript = "\"${SRCROOT}/Pods/Target Support Files/Pods-Mocky_Tests/Pods-Mocky_Tests-frameworks.sh\"\n";
			showEnvVarsInLog = 0;
		};
/* End PBXShellScriptBuildPhase section */

/* Begin PBXSourcesBuildPhase section */
		607FACCC1AFB9204008FA782 /* Sources */ = {
			isa = PBXSourcesBuildPhase;
			buildActionMask = 2147483647;
			files = (
				E46714971ECF222B00C7DAB3 /* AutoEquatable.generated.swift in Sources */,
				E46714851ECF11D100C7DAB3 /* Item.swift in Sources */,
				E46714891ECF140C00C7DAB3 /* ItemsRepository.swift in Sources */,
				E46714871ECF13DE00C7DAB3 /* ItemsClient.swift in Sources */,
				E46714951ECF21A600C7DAB3 /* AutoEquatable.swift in Sources */,
				607FACD81AFB9204008FA782 /* ViewController.swift in Sources */,
				E46714811ECF112000C7DAB3 /* ItemsViewModel.swift in Sources */,
				E46714831ECF116D00C7DAB3 /* ItemsModel.swift in Sources */,
				607FACD61AFB9204008FA782 /* AppDelegate.swift in Sources */,
				CC0B1D8A1F785623006CB46D /* SampleService.swift in Sources */,
			);
			runOnlyForDeploymentPostprocessing = 0;
		};
		607FACE11AFB9204008FA782 /* Sources */ = {
			isa = PBXSourcesBuildPhase;
			buildActionMask = 2147483647;
			files = (
				E46714A41ED0245900C7DAB3 /* ItemsRepositoryTests.swift in Sources */,
				E46714911ECF1A8600C7DAB3 /* ItemsModelMock.swift in Sources */,
				E46714A61ED025D400C7DAB3 /* ItemsViewModelTests.swift in Sources */,
				E46714A21ED0244900C7DAB3 /* ItemsClientTests.swift in Sources */,
				E46714921ECF1A8600C7DAB3 /* ItemsClientMock.swift in Sources */,
				E46714931ECF1A8600C7DAB3 /* ItemsRepositoryMock.swift in Sources */,
				E46714A81ED025E400C7DAB3 /* ItemsModelTests.swift in Sources */,
				CC0B1D8D1F785753006CB46D /* SampleServiceMock.swift in Sources */,
				CC0B1D901F786851006CB46D /* SampleServiceTests.swift in Sources */,
			);
			runOnlyForDeploymentPostprocessing = 0;
		};
/* End PBXSourcesBuildPhase section */

/* Begin PBXTargetDependency section */
		607FACE71AFB9204008FA782 /* PBXTargetDependency */ = {
			isa = PBXTargetDependency;
			target = 607FACCF1AFB9204008FA782 /* Mocky_Example */;
			targetProxy = 607FACE61AFB9204008FA782 /* PBXContainerItemProxy */;
		};
/* End PBXTargetDependency section */

/* Begin PBXVariantGroup section */
		607FACD91AFB9204008FA782 /* Main.storyboard */ = {
			isa = PBXVariantGroup;
			children = (
				607FACDA1AFB9204008FA782 /* Base */,
			);
			name = Main.storyboard;
			sourceTree = "<group>";
		};
		607FACDE1AFB9204008FA782 /* LaunchScreen.xib */ = {
			isa = PBXVariantGroup;
			children = (
				607FACDF1AFB9204008FA782 /* Base */,
			);
			name = LaunchScreen.xib;
			sourceTree = "<group>";
		};
/* End PBXVariantGroup section */

/* Begin XCBuildConfiguration section */
		607FACED1AFB9204008FA782 /* Debug */ = {
			isa = XCBuildConfiguration;
			buildSettings = {
				ALWAYS_SEARCH_USER_PATHS = NO;
				CLANG_CXX_LANGUAGE_STANDARD = "gnu++0x";
				CLANG_CXX_LIBRARY = "libc++";
				CLANG_ENABLE_MODULES = YES;
				CLANG_ENABLE_OBJC_ARC = YES;
				CLANG_WARN_BOOL_CONVERSION = YES;
				CLANG_WARN_CONSTANT_CONVERSION = YES;
				CLANG_WARN_DIRECT_OBJC_ISA_USAGE = YES_ERROR;
				CLANG_WARN_EMPTY_BODY = YES;
				CLANG_WARN_ENUM_CONVERSION = YES;
				CLANG_WARN_INFINITE_RECURSION = YES;
				CLANG_WARN_INT_CONVERSION = YES;
				CLANG_WARN_OBJC_ROOT_CLASS = YES_ERROR;
				CLANG_WARN_SUSPICIOUS_MOVE = YES;
				CLANG_WARN_UNREACHABLE_CODE = YES;
				CLANG_WARN__DUPLICATE_METHOD_MATCH = YES;
				"CODE_SIGN_IDENTITY[sdk=iphoneos*]" = "iPhone Developer";
				COPY_PHASE_STRIP = NO;
				DEBUG_INFORMATION_FORMAT = "dwarf-with-dsym";
				ENABLE_STRICT_OBJC_MSGSEND = YES;
				ENABLE_TESTABILITY = YES;
				GCC_C_LANGUAGE_STANDARD = gnu99;
				GCC_DYNAMIC_NO_PIC = NO;
				GCC_NO_COMMON_BLOCKS = YES;
				GCC_OPTIMIZATION_LEVEL = 0;
				GCC_PREPROCESSOR_DEFINITIONS = (
					"DEBUG=1",
					"$(inherited)",
				);
				GCC_SYMBOLS_PRIVATE_EXTERN = NO;
				GCC_WARN_64_TO_32_BIT_CONVERSION = YES;
				GCC_WARN_ABOUT_RETURN_TYPE = YES_ERROR;
				GCC_WARN_UNDECLARED_SELECTOR = YES;
				GCC_WARN_UNINITIALIZED_AUTOS = YES_AGGRESSIVE;
				GCC_WARN_UNUSED_FUNCTION = YES;
				GCC_WARN_UNUSED_VARIABLE = YES;
				IPHONEOS_DEPLOYMENT_TARGET = 8.3;
				MTL_ENABLE_DEBUG_INFO = YES;
				ONLY_ACTIVE_ARCH = YES;
				SDKROOT = iphoneos;
				SWIFT_OPTIMIZATION_LEVEL = "-Onone";
			};
			name = Debug;
		};
		607FACEE1AFB9204008FA782 /* Release */ = {
			isa = XCBuildConfiguration;
			buildSettings = {
				ALWAYS_SEARCH_USER_PATHS = NO;
				CLANG_CXX_LANGUAGE_STANDARD = "gnu++0x";
				CLANG_CXX_LIBRARY = "libc++";
				CLANG_ENABLE_MODULES = YES;
				CLANG_ENABLE_OBJC_ARC = YES;
				CLANG_WARN_BOOL_CONVERSION = YES;
				CLANG_WARN_CONSTANT_CONVERSION = YES;
				CLANG_WARN_DIRECT_OBJC_ISA_USAGE = YES_ERROR;
				CLANG_WARN_EMPTY_BODY = YES;
				CLANG_WARN_ENUM_CONVERSION = YES;
				CLANG_WARN_INFINITE_RECURSION = YES;
				CLANG_WARN_INT_CONVERSION = YES;
				CLANG_WARN_OBJC_ROOT_CLASS = YES_ERROR;
				CLANG_WARN_SUSPICIOUS_MOVE = YES;
				CLANG_WARN_UNREACHABLE_CODE = YES;
				CLANG_WARN__DUPLICATE_METHOD_MATCH = YES;
				"CODE_SIGN_IDENTITY[sdk=iphoneos*]" = "iPhone Developer";
				COPY_PHASE_STRIP = NO;
				DEBUG_INFORMATION_FORMAT = "dwarf-with-dsym";
				ENABLE_NS_ASSERTIONS = NO;
				ENABLE_STRICT_OBJC_MSGSEND = YES;
				GCC_C_LANGUAGE_STANDARD = gnu99;
				GCC_NO_COMMON_BLOCKS = YES;
				GCC_WARN_64_TO_32_BIT_CONVERSION = YES;
				GCC_WARN_ABOUT_RETURN_TYPE = YES_ERROR;
				GCC_WARN_UNDECLARED_SELECTOR = YES;
				GCC_WARN_UNINITIALIZED_AUTOS = YES_AGGRESSIVE;
				GCC_WARN_UNUSED_FUNCTION = YES;
				GCC_WARN_UNUSED_VARIABLE = YES;
				IPHONEOS_DEPLOYMENT_TARGET = 8.3;
				MTL_ENABLE_DEBUG_INFO = NO;
				SDKROOT = iphoneos;
				SWIFT_OPTIMIZATION_LEVEL = "-Owholemodule";
				VALIDATE_PRODUCT = YES;
			};
			name = Release;
		};
		607FACF01AFB9204008FA782 /* Debug */ = {
			isa = XCBuildConfiguration;
			baseConfigurationReference = 6E4649EB6145356AFB6C09DE /* Pods-Mocky_Example.debug.xcconfig */;
			buildSettings = {
				ASSETCATALOG_COMPILER_APPICON_NAME = AppIcon;
				DEVELOPMENT_TEAM = R6JBLAQ685;
				INFOPLIST_FILE = Mocky/Info.plist;
				LD_RUNPATH_SEARCH_PATHS = "$(inherited) @executable_path/Frameworks";
				MODULE_NAME = "$(PRODUCT_NAME:c99extidentifier)";
				PRODUCT_BUNDLE_IDENTIFIER = "org.cocoapods.demo.$(PRODUCT_NAME:rfc1034identifier)";
				PRODUCT_NAME = "$(TARGET_NAME)";
				SWIFT_VERSION = 3.0;
			};
			name = Debug;
		};
		607FACF11AFB9204008FA782 /* Release */ = {
			isa = XCBuildConfiguration;
			baseConfigurationReference = E3DA37FF21553DC6F1A8218E /* Pods-Mocky_Example.release.xcconfig */;
			buildSettings = {
				ASSETCATALOG_COMPILER_APPICON_NAME = AppIcon;
				DEVELOPMENT_TEAM = R6JBLAQ685;
				INFOPLIST_FILE = Mocky/Info.plist;
				LD_RUNPATH_SEARCH_PATHS = "$(inherited) @executable_path/Frameworks";
				MODULE_NAME = "$(PRODUCT_NAME:c99extidentifier)";
				PRODUCT_BUNDLE_IDENTIFIER = "org.cocoapods.demo.$(PRODUCT_NAME:rfc1034identifier)";
				PRODUCT_NAME = "$(TARGET_NAME)";
				SWIFT_VERSION = 3.0;
			};
			name = Release;
		};
		607FACF31AFB9204008FA782 /* Debug */ = {
			isa = XCBuildConfiguration;
			baseConfigurationReference = BAB8A0106A1FB60FE260C370 /* Pods-Mocky_Tests.debug.xcconfig */;
			buildSettings = {
				BUNDLE_LOADER = "$(TEST_HOST)";
				DEVELOPMENT_TEAM = LB8D9V889H;
				FRAMEWORK_SEARCH_PATHS = (
					"$(SDKROOT)/Developer/Library/Frameworks",
					"$(inherited)",
				);
				GCC_PREPROCESSOR_DEFINITIONS = (
					"DEBUG=1",
					"$(inherited)",
				);
				INFOPLIST_FILE = Tests/Info.plist;
				LD_RUNPATH_SEARCH_PATHS = "$(inherited) @executable_path/Frameworks @loader_path/Frameworks";
				PRODUCT_BUNDLE_IDENTIFIER = "org.cocoapods.$(PRODUCT_NAME:rfc1034identifier)";
				PRODUCT_NAME = "$(TARGET_NAME)";
				SWIFT_VERSION = 3.0;
				TEST_HOST = "$(BUILT_PRODUCTS_DIR)/Mocky_Example.app/Mocky_Example";
			};
			name = Debug;
		};
		607FACF41AFB9204008FA782 /* Release */ = {
			isa = XCBuildConfiguration;
			baseConfigurationReference = D8A601F4B387200EB86F8F29 /* Pods-Mocky_Tests.release.xcconfig */;
			buildSettings = {
				BUNDLE_LOADER = "$(TEST_HOST)";
				DEVELOPMENT_TEAM = LB8D9V889H;
				FRAMEWORK_SEARCH_PATHS = (
					"$(SDKROOT)/Developer/Library/Frameworks",
					"$(inherited)",
				);
				INFOPLIST_FILE = Tests/Info.plist;
				LD_RUNPATH_SEARCH_PATHS = "$(inherited) @executable_path/Frameworks @loader_path/Frameworks";
				PRODUCT_BUNDLE_IDENTIFIER = "org.cocoapods.$(PRODUCT_NAME:rfc1034identifier)";
				PRODUCT_NAME = "$(TARGET_NAME)";
				SWIFT_VERSION = 3.0;
				TEST_HOST = "$(BUILT_PRODUCTS_DIR)/Mocky_Example.app/Mocky_Example";
			};
			name = Release;
		};
/* End XCBuildConfiguration section */

/* Begin XCConfigurationList section */
		607FACCB1AFB9204008FA782 /* Build configuration list for PBXProject "Mocky" */ = {
			isa = XCConfigurationList;
			buildConfigurations = (
				607FACED1AFB9204008FA782 /* Debug */,
				607FACEE1AFB9204008FA782 /* Release */,
			);
			defaultConfigurationIsVisible = 0;
			defaultConfigurationName = Release;
		};
		607FACEF1AFB9204008FA782 /* Build configuration list for PBXNativeTarget "Mocky_Example" */ = {
			isa = XCConfigurationList;
			buildConfigurations = (
				607FACF01AFB9204008FA782 /* Debug */,
				607FACF11AFB9204008FA782 /* Release */,
			);
			defaultConfigurationIsVisible = 0;
			defaultConfigurationName = Release;
		};
		607FACF21AFB9204008FA782 /* Build configuration list for PBXNativeTarget "Mocky_Tests" */ = {
			isa = XCConfigurationList;
			buildConfigurations = (
				607FACF31AFB9204008FA782 /* Debug */,
				607FACF41AFB9204008FA782 /* Release */,
			);
			defaultConfigurationIsVisible = 0;
			defaultConfigurationName = Release;
		};
/* End XCConfigurationList section */
	};
	rootObject = 607FACC81AFB9204008FA782 /* Project object */;
}
