PODS:
  - Mocky (0.0.4):
    - Sourcery
  - RxBlocking (3.5.0):
    - RxSwift (~> 3.4)
  - RxSwift (3.4.1)
  - Sourcery (0.8.0)

DEPENDENCIES:
  - Mocky (from `../`)
  - RxBlocking
  - RxSwift (~> 3.4.1)

EXTERNAL SOURCES:
  Mocky:
    :path: ../

SPEC CHECKSUMS:
  Mocky: 6fcea561c57a45db391d538c072281b710da1957
  RxBlocking: 471315e18b87c5ed4b9d0c69a57dfdbca5c01af1
  RxSwift: 656f8fbeca5bc372121a72d9ebdd3cd3bc0ffade
  Sourcery: c5c099c4786fed4c24febd5edb25a8ea1b45b40d

PODFILE CHECKSUM: ebcea85b71401acb5de258bc8cebe49758cd3964

COCOAPODS: 1.3.1
