PODS:
  - Mocky (0.0.4):
    - Sourcery
  - RxBlocking (4.0.0):
    - RxSwift (~> 4.0)
  - RxSwift (4.0.0)
  - Sourcery (0.9.0)

DEPENDENCIES:
  - Mocky (from `../`)
  - RxBlocking
  - RxSwift

EXTERNAL SOURCES:
  Mocky:
    :path: "../"

SPEC CHECKSUMS:
  Mocky: 6fcea561c57a45db391d538c072281b710da1957
  RxBlocking: 923c2c8106d80d7c2d6b276afd66ce3b10824836
  RxSwift: fd680d75283beb5e2559486f3c0ff852f0d35334
  Sourcery: e3829460a1fa0bcd3b689e6087a89cc063cd2289

PODFILE CHECKSUM: efc9bb5109082c0e74cc160705882af93a68f281

COCOAPODS: 1.2.1
