PODS:
  - Sourcery (1.0.2)
  - SwiftyMocky (4.0.1):
    - Sourcery (>= 1.0.2)

DEPENDENCIES:
  - SwiftyMocky (from `./`)

SPEC REPOS:
  trunk:
    - Sourcery

EXTERNAL SOURCES:
  SwiftyMocky:
    :path: "./"

SPEC CHECKSUMS:
  Sourcery: e8951e8759ef6a3a0cce412db64832dd23343041
  SwiftyMocky: 6a8bc041be1e2b8386c7088a1113a2502e832804

PODFILE CHECKSUM: c5b363f6fe9e513e1d6cf9bbd52b93f5e914d9aa

COCOAPODS: 1.9.3
