PODS:
  - Sourcery (0.13.0)
  - SwiftyMocky (3.0.0):
    - SwiftyMocky/Core (= 3.0.0)
  - SwiftyMocky/Core (3.0.0):
    - Sourcery

DEPENDENCIES:
  - SwiftyMocky (from `./`)

SPEC REPOS:
  https://github.com/cocoapods/specs.git:
    - Sourcery

EXTERNAL SOURCES:
  SwiftyMocky:
    :path: "./"

SPEC CHECKSUMS:
  Sourcery: d78d3b68aa565a7194e57ccd6995c1368fda9cb0
  SwiftyMocky: 3761bd36aa42bb649b7a348c121e9d45161f8b7c

PODFILE CHECKSUM: 593d6e72777f256cde5f11b0c41b95f4117b08c1

COCOAPODS: 1.5.3
